
Microsoft Visual Studio Solution File, Format Version 12.00
# Visual Studio Version 17
VisualStudioVersion = 17.5.002.0
MinimumVisualStudioVersion = 10.0.40219.1
Project("{9A19103F-16F7-4668-BE54-9A1E7A4F7556}") = "Sayhello", "Sayhello.csproj", "{8FC281A1-50BD-410B-8FB8-5907FD0C0951}"
EndProject
Global
	GlobalSection(SolutionConfigurationPlatforms) = preSolution
		Debug|Any CPU = Debug|Any CPU
		Release|Any CPU = Release|Any CPU
	EndGlobalSection
	GlobalSection(ProjectConfigurationPlatforms) = postSolution
		{8FC281A1-50BD-410B-8FB8-5907FD0C0951}.Debug|Any CPU.ActiveCfg = Debug|Any CPU
		{8FC281A1-50BD-410B-8FB8-5907FD0C0951}.Debug|Any CPU.Build.0 = Debug|Any CPU
		{8FC281A1-50BD-410B-8FB8-5907FD0C0951}.Release|Any CPU.ActiveCfg = Release|Any CPU
		{8FC281A1-50BD-410B-8FB8-5907FD0C0951}.Release|Any CPU.Build.0 = Release|Any CPU
	EndGlobalSection
	GlobalSection(SolutionProperties) = preSolution
		HideSolutionNode = FALSE
	EndGlobalSection
	GlobalSection(ExtensibilityGlobals) = postSolution
		SolutionGuid = {79F921FB-F7BB-42E1-986E-BEECED90F51E}
	EndGlobalSection
EndGlobal
